
Microsoft Visual Studio Solution File, Format Version 12.00
# Visual Studio Version 17
VisualStudioVersion = 17.6.33801.468
MinimumVisualStudioVersion = 10.0.40219.1
Project("{FAE04EC0-301F-11D3-BF4B-00C04F79EFBC}") = "RSA", "RSA\RSA.csproj", "{4433556C-4341-413B-8179-D7EDDE30E1FF}"
EndProject
Project("{FAE04EC0-301F-11D3-BF4B-00C04F79EFBC}") = "TestProject1", "TestProject1\TestProject1.csproj", "{749DCD39-B5C9-48DE-80E5-8E0B1C1A2042}"
EndProject
Global
	GlobalSection(SolutionConfigurationPlatforms) = preSolution
		Debug|Any CPU = Debug|Any CPU
		Release|Any CPU = Release|Any CPU
	EndGlobalSection
	GlobalSection(ProjectConfigurationPlatforms) = postSolution
		{4433556C-4341-413B-8179-D7EDDE30E1FF}.Debug|Any CPU.ActiveCfg = Debug|Any CPU
		{4433556C-4341-413B-8179-D7EDDE30E1FF}.Debug|Any CPU.Build.0 = Debug|Any CPU
		{4433556C-4341-413B-8179-D7EDDE30E1FF}.Release|Any CPU.ActiveCfg = Release|Any CPU
		{4433556C-4341-413B-8179-D7EDDE30E1FF}.Release|Any CPU.Build.0 = Release|Any CPU
		{749DCD39-B5C9-48DE-80E5-8E0B1C1A2042}.Debug|Any CPU.ActiveCfg = Debug|Any CPU
		{749DCD39-B5C9-48DE-80E5-8E0B1C1A2042}.Debug|Any CPU.Build.0 = Debug|Any CPU
		{749DCD39-B5C9-48DE-80E5-8E0B1C1A2042}.Release|Any CPU.ActiveCfg = Release|Any CPU
		{749DCD39-B5C9-48DE-80E5-8E0B1C1A2042}.Release|Any CPU.Build.0 = Release|Any CPU
	EndGlobalSection
	GlobalSection(SolutionProperties) = preSolution
		HideSolutionNode = FALSE
	EndGlobalSection
	GlobalSection(ExtensibilityGlobals) = postSolution
		SolutionGuid = {158EB577-17EA-4E35-B308-9A86EA5DB996}
	EndGlobalSection
EndGlobal
